// !$*UTF8*$!
{
	archiveVersion = 1;
	classes = {
	};
	objectVersion = 50;
	objects = {

/* Begin PBXBuildFile section */
		182769A8250319C400711684 /* LCAppDelegate.swift in Sources */ = {isa = PBXBuildFile; fileRef = 182769A7250319C400711684 /* LCAppDelegate.swift */; };
		182769AA250319C400711684 /* LCViewController.swift in Sources */ = {isa = PBXBuildFile; fileRef = 182769A9250319C400711684 /* LCViewController.swift */; };
		182769AC250319C400711684 /* Assets.xcassets in Resources */ = {isa = PBXBuildFile; fileRef = 182769AB250319C400711684 /* Assets.xcassets */; };
		182769AF250319C400711684 /* Main.storyboard in Resources */ = {isa = PBXBuildFile; fileRef = 182769AD250319C400711684 /* Main.storyboard */; };
		182769B825031EDC00711684 /* LCViewController+NSTableView.swift in Sources */ = {isa = PBXBuildFile; fileRef = 182769B725031EDC00711684 /* LCViewController+NSTableView.swift */; };
		182769BA2503665400711684 /* LCViewController+SendMessage.swift in Sources */ = {isa = PBXBuildFile; fileRef = 182769B92503665400711684 /* LCViewController+SendMessage.swift */; };
		182769BC250375B800711684 /* LCViewController+ChattingHistory.swift in Sources */ = {isa = PBXBuildFile; fileRef = 182769BB250375B800711684 /* LCViewController+ChattingHistory.swift */; };
		182769BF2504A21A00711684 /* LCLandChatUser.swift in Sources */ = {isa = PBXBuildFile; fileRef = 182769BE2504A21A00711684 /* LCLandChatUser.swift */; };
		182769C32504AA6200711684 /* LCViewController+LeftSidebar.swift in Sources */ = {isa = PBXBuildFile; fileRef = 182769C22504AA6200711684 /* LCViewController+LeftSidebar.swift */; };
		182769C62504B4A000711684 /* LCUserViewController.swift in Sources */ = {isa = PBXBuildFile; fileRef = 182769C52504B4A000711684 /* LCUserViewController.swift */; };
		182769CA2504B9FB00711684 /* NSImage.swift in Sources */ = {isa = PBXBuildFile; fileRef = 182769C92504B9FB00711684 /* NSImage.swift */; };
/* End PBXBuildFile section */

/* Begin PBXFileReference section */
		182769A4250319C400711684 /* LandChat.app */ = {isa = PBXFileReference; explicitFileType = wrapper.application; includeInIndex = 0; path = LandChat.app; sourceTree = BUILT_PRODUCTS_DIR; };
		182769A7250319C400711684 /* LCAppDelegate.swift */ = {isa = PBXFileReference; lastKnownFileType = sourcecode.swift; path = LCAppDelegate.swift; sourceTree = "<group>"; };
		182769A9250319C400711684 /* LCViewController.swift */ = {isa = PBXFileReference; lastKnownFileType = sourcecode.swift; path = LCViewController.swift; sourceTree = "<group>"; };
		182769AB250319C400711684 /* Assets.xcassets */ = {isa = PBXFileReference; lastKnownFileType = folder.assetcatalog; path = Assets.xcassets; sourceTree = "<group>"; };
		182769AE250319C400711684 /* Base */ = {isa = PBXFileReference; lastKnownFileType = file.storyboard; name = Base; path = Base.lproj/Main.storyboard; sourceTree = "<group>"; };
		182769B0250319C400711684 /* Info.plist */ = {isa = PBXFileReference; lastKnownFileType = text.plist.xml; path = Info.plist; sourceTree = "<group>"; };
		182769B1250319C400711684 /* LandChat.entitlements */ = {isa = PBXFileReference; lastKnownFileType = text.plist.entitlements; path = LandChat.entitlements; sourceTree = "<group>"; };
		182769B725031EDC00711684 /* LCViewController+NSTableView.swift */ = {isa = PBXFileReference; lastKnownFileType = sourcecode.swift; path = "LCViewController+NSTableView.swift"; sourceTree = "<group>"; };
		182769B92503665400711684 /* LCViewController+SendMessage.swift */ = {isa = PBXFileReference; lastKnownFileType = sourcecode.swift; path = "LCViewController+SendMessage.swift"; sourceTree = "<group>"; };
		182769BB250375B800711684 /* LCViewController+ChattingHistory.swift */ = {isa = PBXFileReference; lastKnownFileType = sourcecode.swift; path = "LCViewController+ChattingHistory.swift"; sourceTree = "<group>"; };
		182769BD2503814D00711684 /* README.md */ = {isa = PBXFileReference; lastKnownFileType = net.daringfireball.markdown; path = README.md; sourceTree = "<group>"; };
		182769BE2504A21A00711684 /* LCLandChatUser.swift */ = {isa = PBXFileReference; lastKnownFileType = sourcecode.swift; path = LCLandChatUser.swift; sourceTree = "<group>"; };
		182769C22504AA6200711684 /* LCViewController+LeftSidebar.swift */ = {isa = PBXFileReference; lastKnownFileType = sourcecode.swift; path = "LCViewController+LeftSidebar.swift"; sourceTree = "<group>"; };
		182769C52504B4A000711684 /* LCUserViewController.swift */ = {isa = PBXFileReference; lastKnownFileType = sourcecode.swift; path = LCUserViewController.swift; sourceTree = "<group>"; };
		182769C92504B9FB00711684 /* NSImage.swift */ = {isa = PBXFileReference; lastKnownFileType = sourcecode.swift; path = NSImage.swift; sourceTree = "<group>"; };
/* End PBXFileReference section */

/* Begin PBXFrameworksBuildPhase section */
		182769A1250319C400711684 /* Frameworks */ = {
			isa = PBXFrameworksBuildPhase;
			buildActionMask = 2147483647;
			files = (
			);
			runOnlyForDeploymentPostprocessing = 0;
		};
/* End PBXFrameworksBuildPhase section */

/* Begin PBXGroup section */
		1827699B250319C400711684 = {
			isa = PBXGroup;
			children = (
				182769BD2503814D00711684 /* README.md */,
				182769A6250319C400711684 /* LandChat */,
				182769A5250319C400711684 /* Products */,
			);
			sourceTree = "<group>";
		};
		182769A5250319C400711684 /* Products */ = {
			isa = PBXGroup;
			children = (
				182769A4250319C400711684 /* LandChat.app */,
			);
			name = Products;
			sourceTree = "<group>";
		};
		182769A6250319C400711684 /* LandChat */ = {
			isa = PBXGroup;
			children = (
				182769C82504B9EE00711684 /* Utilities */,
				182769C42504B45F00711684 /* Classes */,
				182769AB250319C400711684 /* Assets.xcassets */,
				182769AD250319C400711684 /* Main.storyboard */,
				182769B0250319C400711684 /* Info.plist */,
				182769B1250319C400711684 /* LandChat.entitlements */,
			);
			path = LandChat;
			sourceTree = "<group>";
		};
		182769C12504A42100711684 /* Main View Controller */ = {
			isa = PBXGroup;
			children = (
				182769A9250319C400711684 /* LCViewController.swift */,
				182769B725031EDC00711684 /* LCViewController+NSTableView.swift */,
				182769C22504AA6200711684 /* LCViewController+LeftSidebar.swift */,
				182769B92503665400711684 /* LCViewController+SendMessage.swift */,
				182769BB250375B800711684 /* LCViewController+ChattingHistory.swift */,
			);
			path = "Main View Controller";
			sourceTree = "<group>";
		};
		182769C42504B45F00711684 /* Classes */ = {
			isa = PBXGroup;
			children = (
				182769A7250319C400711684 /* LCAppDelegate.swift */,
				182769C72504B81600711684 /* User */,
				182769C12504A42100711684 /* Main View Controller */,
			);
			path = Classes;
			sourceTree = "<group>";
		};
		182769C72504B81600711684 /* User */ = {
			isa = PBXGroup;
			children = (
				182769C52504B4A000711684 /* LCUserViewController.swift */,
				182769BE2504A21A00711684 /* LCLandChatUser.swift */,
			);
			path = User;
			sourceTree = "<group>";
		};
		182769C82504B9EE00711684 /* Utilities */ = {
			isa = PBXGroup;
			children = (
				182769C92504B9FB00711684 /* NSImage.swift */,
			);
			path = Utilities;
			sourceTree = "<group>";
		};
/* End PBXGroup section */

/* Begin PBXNativeTarget section */
		182769A3250319C400711684 /* LandChat */ = {
			isa = PBXNativeTarget;
			buildConfigurationList = 182769B4250319C400711684 /* Build configuration list for PBXNativeTarget "LandChat" */;
			buildPhases = (
				182769A0250319C400711684 /* Sources */,
				182769A1250319C400711684 /* Frameworks */,
				182769A2250319C400711684 /* Resources */,
			);
			buildRules = (
			);
			dependencies = (
			);
			name = LandChat;
			productName = LandChat;
			productReference = 182769A4250319C400711684 /* LandChat.app */;
			productType = "com.apple.product-type.application";
		};
/* End PBXNativeTarget section */

/* Begin PBXProject section */
		1827699C250319C400711684 /* Project object */ = {
			isa = PBXProject;
			attributes = {
				CLASSPREFIX = LC;
				LastSwiftUpdateCheck = 1200;
				LastUpgradeCheck = 1200;
				TargetAttributes = {
					182769A3250319C400711684 = {
						CreatedOnToolsVersion = 12.0;
					};
				};
			};
			buildConfigurationList = 1827699F250319C400711684 /* Build configuration list for PBXProject "LandChat" */;
			compatibilityVersion = "Xcode 9.3";
			developmentRegion = en;
			hasScannedForEncodings = 0;
			knownRegions = (
				en,
				Base,
			);
			mainGroup = 1827699B250319C400711684;
			productRefGroup = 182769A5250319C400711684 /* Products */;
			projectDirPath = "";
			projectRoot = "";
			targets = (
				182769A3250319C400711684 /* LandChat */,
			);
		};
/* End PBXProject section */

/* Begin PBXResourcesBuildPhase section */
		182769A2250319C400711684 /* Resources */ = {
			isa = PBXResourcesBuildPhase;
			buildActionMask = 2147483647;
			files = (
				182769AC250319C400711684 /* Assets.xcassets in Resources */,
				182769AF250319C400711684 /* Main.storyboard in Resources */,
			);
			runOnlyForDeploymentPostprocessing = 0;
		};
/* End PBXResourcesBuildPhase section */

/* Begin PBXSourcesBuildPhase section */
		182769A0250319C400711684 /* Sources */ = {
			isa = PBXSourcesBuildPhase;
			buildActionMask = 2147483647;
			files = (
				182769BC250375B800711684 /* LCViewController+ChattingHistory.swift in Sources */,
				182769AA250319C400711684 /* LCViewController.swift in Sources */,
				182769C62504B4A000711684 /* LCUserViewController.swift in Sources */,
				182769C32504AA6200711684 /* LCViewController+LeftSidebar.swift in Sources */,
				182769CA2504B9FB00711684 /* NSImage.swift in Sources */,
				182769BA2503665400711684 /* LCViewController+SendMessage.swift in Sources */,
				182769A8250319C400711684 /* LCAppDelegate.swift in Sources */,
				182769BF2504A21A00711684 /* LCLandChatUser.swift in Sources */,
				182769B825031EDC00711684 /* LCViewController+NSTableView.swift in Sources */,
			);
			runOnlyForDeploymentPostprocessing = 0;
		};
/* End PBXSourcesBuildPhase section */

/* Begin PBXVariantGroup section */
		182769AD250319C400711684 /* Main.storyboard */ = {
			isa = PBXVariantGroup;
			children = (
				182769AE250319C400711684 /* Base */,
			);
			name = Main.storyboard;
			sourceTree = "<group>";
		};
/* End PBXVariantGroup section */

/* Begin XCBuildConfiguration section */
		182769B2250319C400711684 /* Debug */ = {
			isa = XCBuildConfiguration;
			buildSettings = {
				ALWAYS_SEARCH_USER_PATHS = NO;
				CLANG_ANALYZER_NONNULL = YES;
				CLANG_ANALYZER_NUMBER_OBJECT_CONVERSION = YES_AGGRESSIVE;
				CLANG_CXX_LANGUAGE_STANDARD = "gnu++14";
				CLANG_CXX_LIBRARY = "libc++";
				CLANG_ENABLE_MODULES = YES;
				CLANG_ENABLE_OBJC_ARC = YES;
				CLANG_ENABLE_OBJC_WEAK = YES;
				CLANG_WARN_BLOCK_CAPTURE_AUTORELEASING = YES;
				CLANG_WARN_BOOL_CONVERSION = YES;
				CLANG_WARN_COMMA = YES;
				CLANG_WARN_CONSTANT_CONVERSION = YES;
				CLANG_WARN_DEPRECATED_OBJC_IMPLEMENTATIONS = YES;
				CLANG_WARN_DIRECT_OBJC_ISA_USAGE = YES_ERROR;
				CLANG_WARN_DOCUMENTATION_COMMENTS = YES;
				CLANG_WARN_EMPTY_BODY = YES;
				CLANG_WARN_ENUM_CONVERSION = YES;
				CLANG_WARN_INFINITE_RECURSION = YES;
				CLANG_WARN_INT_CONVERSION = YES;
				CLANG_WARN_NON_LITERAL_NULL_CONVERSION = YES;
				CLANG_WARN_OBJC_IMPLICIT_RETAIN_SELF = YES;
				CLANG_WARN_OBJC_LITERAL_CONVERSION = YES;
				CLANG_WARN_OBJC_ROOT_CLASS = YES_ERROR;
				CLANG_WARN_QUOTED_INCLUDE_IN_FRAMEWORK_HEADER = YES;
				CLANG_WARN_RANGE_LOOP_ANALYSIS = YES;
				CLANG_WARN_STRICT_PROTOTYPES = YES;
				CLANG_WARN_SUSPICIOUS_MOVE = YES;
				CLANG_WARN_UNGUARDED_AVAILABILITY = YES_AGGRESSIVE;
				CLANG_WARN_UNREACHABLE_CODE = YES;
				CLANG_WARN__DUPLICATE_METHOD_MATCH = YES;
				COPY_PHASE_STRIP = NO;
				DEBUG_INFORMATION_FORMAT = dwarf;
				ENABLE_STRICT_OBJC_MSGSEND = YES;
				ENABLE_TESTABILITY = YES;
				GCC_C_LANGUAGE_STANDARD = gnu11;
				GCC_DYNAMIC_NO_PIC = NO;
				GCC_NO_COMMON_BLOCKS = YES;
				GCC_OPTIMIZATION_LEVEL = 0;
				GCC_PREPROCESSOR_DEFINITIONS = (
					"DEBUG=1",
					"$(inherited)",
				);
				GCC_WARN_64_TO_32_BIT_CONVERSION = YES;
				GCC_WARN_ABOUT_RETURN_TYPE = YES_ERROR;
				GCC_WARN_UNDECLARED_SELECTOR = YES;
				GCC_WARN_UNINITIALIZED_AUTOS = YES_AGGRESSIVE;
				GCC_WARN_UNUSED_FUNCTION = YES;
				GCC_WARN_UNUSED_VARIABLE = YES;
				MACOSX_DEPLOYMENT_TARGET = 10.16;
				MTL_ENABLE_DEBUG_INFO = INCLUDE_SOURCE;
				MTL_FAST_MATH = YES;
				ONLY_ACTIVE_ARCH = YES;
				SDKROOT = macosx;
				SWIFT_ACTIVE_COMPILATION_CONDITIONS = DEBUG;
				SWIFT_OPTIMIZATION_LEVEL = "-Onone";
			};
			name = Debug;
		};
		182769B3250319C400711684 /* Release */ = {
			isa = XCBuildConfiguration;
			buildSettings = {
				ALWAYS_SEARCH_USER_PATHS = NO;
				CLANG_ANALYZER_NONNULL = YES;
				CLANG_ANALYZER_NUMBER_OBJECT_CONVERSION = YES_AGGRESSIVE;
				CLANG_CXX_LANGUAGE_STANDARD = "gnu++14";
				CLANG_CXX_LIBRARY = "libc++";
				CLANG_ENABLE_MODULES = YES;
				CLANG_ENABLE_OBJC_ARC = YES;
				CLANG_ENABLE_OBJC_WEAK = YES;
				CLANG_WARN_BLOCK_CAPTURE_AUTORELEASING = YES;
				CLANG_WARN_BOOL_CONVERSION = YES;
				CLANG_WARN_COMMA = YES;
				CLANG_WARN_CONSTANT_CONVERSION = YES;
				CLANG_WARN_DEPRECATED_OBJC_IMPLEMENTATIONS = YES;
				CLANG_WARN_DIRECT_OBJC_ISA_USAGE = YES_ERROR;
				CLANG_WARN_DOCUMENTATION_COMMENTS = YES;
				CLANG_WARN_EMPTY_BODY = YES;
				CLANG_WARN_ENUM_CONVERSION = YES;
				CLANG_WARN_INFINITE_RECURSION = YES;
				CLANG_WARN_INT_CONVERSION = YES;
				CLANG_WARN_NON_LITERAL_NULL_CONVERSION = YES;
				CLANG_WARN_OBJC_IMPLICIT_RETAIN_SELF = YES;
				CLANG_WARN_OBJC_LITERAL_CONVERSION = YES;
				CLANG_WARN_OBJC_ROOT_CLASS = YES_ERROR;
				CLANG_WARN_QUOTED_INCLUDE_IN_FRAMEWORK_HEADER = YES;
				CLANG_WARN_RANGE_LOOP_ANALYSIS = YES;
				CLANG_WARN_STRICT_PROTOTYPES = YES;
				CLANG_WARN_SUSPICIOUS_MOVE = YES;
				CLANG_WARN_UNGUARDED_AVAILABILITY = YES_AGGRESSIVE;
				CLANG_WARN_UNREACHABLE_CODE = YES;
				CLANG_WARN__DUPLICATE_METHOD_MATCH = YES;
				COPY_PHASE_STRIP = NO;
				DEBUG_INFORMATION_FORMAT = "dwarf-with-dsym";
				ENABLE_NS_ASSERTIONS = NO;
				ENABLE_STRICT_OBJC_MSGSEND = YES;
				GCC_C_LANGUAGE_STANDARD = gnu11;
				GCC_NO_COMMON_BLOCKS = YES;
				GCC_WARN_64_TO_32_BIT_CONVERSION = YES;
				GCC_WARN_ABOUT_RETURN_TYPE = YES_ERROR;
				GCC_WARN_UNDECLARED_SELECTOR = YES;
				GCC_WARN_UNINITIALIZED_AUTOS = YES_AGGRESSIVE;
				GCC_WARN_UNUSED_FUNCTION = YES;
				GCC_WARN_UNUSED_VARIABLE = YES;
				MACOSX_DEPLOYMENT_TARGET = 10.16;
				MTL_ENABLE_DEBUG_INFO = NO;
				MTL_FAST_MATH = YES;
				SDKROOT = macosx;
				SWIFT_COMPILATION_MODE = wholemodule;
				SWIFT_OPTIMIZATION_LEVEL = "-O";
			};
			name = Release;
		};
		182769B5250319C400711684 /* Debug */ = {
			isa = XCBuildConfiguration;
			buildSettings = {
				ASSETCATALOG_COMPILER_APPICON_NAME = AppIcon;
				ASSETCATALOG_COMPILER_GLOBAL_ACCENT_COLOR_NAME = AccentColor;
				CODE_SIGN_ENTITLEMENTS = LandChat/LandChat.entitlements;
				CODE_SIGN_STYLE = Automatic;
				COMBINE_HIDPI_IMAGES = YES;
				DEVELOPMENT_TEAM = XG7269D873;
				ENABLE_HARDENED_RUNTIME = YES;
				INFOPLIST_FILE = LandChat/Info.plist;
				LD_RUNPATH_SEARCH_PATHS = (
					"$(inherited)",
					"@executable_path/../Frameworks",
				);
				MACOSX_DEPLOYMENT_TARGET = 10.13;
				PRODUCT_BUNDLE_IDENTIFIER = ericnth.LandChat;
				PRODUCT_NAME = "$(TARGET_NAME)";
				SWIFT_VERSION = 5.0;
			};
			name = Debug;
		};
		182769B6250319C400711684 /* Release */ = {
			isa = XCBuildConfiguration;
			buildSettings = {
				ASSETCATALOG_COMPILER_APPICON_NAME = AppIcon;
				ASSETCATALOG_COMPILER_GLOBAL_ACCENT_COLOR_NAME = AccentColor;
				CODE_SIGN_ENTITLEMENTS = LandChat/LandChat.entitlements;
				CODE_SIGN_STYLE = Automatic;
				COMBINE_HIDPI_IMAGES = YES;
				DEVELOPMENT_TEAM = XG7269D873;
				ENABLE_HARDENED_RUNTIME = YES;
				INFOPLIST_FILE = LandChat/Info.plist;
				LD_RUNPATH_SEARCH_PATHS = (
					"$(inherited)",
					"@executable_path/../Frameworks",
				);
				MACOSX_DEPLOYMENT_TARGET = 10.13;
				PRODUCT_BUNDLE_IDENTIFIER = ericnth.LandChat;
				PRODUCT_NAME = "$(TARGET_NAME)";
				SWIFT_VERSION = 5.0;
			};
			name = Release;
		};
/* End XCBuildConfiguration section */

/* Begin XCConfigurationList section */
		1827699F250319C400711684 /* Build configuration list for PBXProject "LandChat" */ = {
			isa = XCConfigurationList;
			buildConfigurations = (
				182769B2250319C400711684 /* Debug */,
				182769B3250319C400711684 /* Release */,
			);
			defaultConfigurationIsVisible = 0;
			defaultConfigurationName = Release;
		};
		182769B4250319C400711684 /* Build configuration list for PBXNativeTarget "LandChat" */ = {
			isa = XCConfigurationList;
			buildConfigurations = (
				182769B5250319C400711684 /* Debug */,
				182769B6250319C400711684 /* Release */,
			);
			defaultConfigurationIsVisible = 0;
			defaultConfigurationName = Release;
		};
/* End XCConfigurationList section */
	};
	rootObject = 1827699C250319C400711684 /* Project object */;
}
